{
  "name": "akashic-box2d-example",
  "version": "1.0.0",
  "lockfileVersion": 1,
  "requires": true,
  "dependencies": {
    "@akashic-extension/akashic-box2d": {
      "version": "2.0.0",
      "resolved": "https://registry.npmjs.org/@akashic-extension/akashic-box2d/-/akashic-box2d-2.0.0.tgz",
      "integrity": "sha1-nddMwabPMdhB13ZXLcjpb4TE0d4=",
      "requires": {
        "@akashic/akashic-engine": "~2.0.0",
        "box2dweb": "2.1.0-b"
      }
    },
    "@akashic/akashic-engine": {
      "version": "2.0.3",
      "resolved": "https://registry.npmjs.org/@akashic/akashic-engine/-/akashic-engine-2.0.3.tgz",
      "integrity": "sha1-alMt5xpTZ+hpsWFFb2CokIkMgzU="
    },
    "box2dweb": {
      "version": "2.1.0-b",
      "resolved": "https://registry.npmjs.org/box2dweb/-/box2dweb-2.1.0-b.tgz",
      "integrity": "sha1-p7VpmieyEPXFR5FF360xMqb1R40="
    }
  }
}
