{
  "name": "akashic-box2d-example",
  "version": "1.0.0",
  "lockfileVersion": 1,
  "requires": true,
  "dependencies": {
    "@akashic-extension/akashic-box2d": {
      "version": "file:../akashic-extension-akashic-box2d-3.0.0-beta.0.tgz",
      "integrity": "sha512-M+yQ7aV2mvrFA/B4fzsmz86NBR9b4NEkMu8XQPIkSzdceKS4TyJhiGDxu0NdDmAmqnOchYdpJKZkNyFj54noiw==",
      "requires": {
        "@akashic/akashic-engine": "~3.0.0-beta.15",
        "box2dweb": "~2.1.0-b"
      }
    },
    "@akashic/akashic-engine": {
      "version": "3.0.0-beta.15",
      "resolved": "https://registry.npmjs.org/@akashic/akashic-engine/-/akashic-engine-3.0.0-beta.15.tgz",
      "integrity": "sha512-NDBuSkUUD+QnmgDMx5clSYkxjlNNW6XERdqLdqpx149ZdMNkQYkg9XMle6mXkgaHgLA+lSlFeaJV1OkKGOynpQ==",
      "requires": {
        "@akashic/playlog": "~2.0.0",
        "@akashic/trigger": "~0.1.7"
      }
    },
    "@akashic/playlog": {
      "version": "2.0.0",
      "resolved": "https://registry.npmjs.org/@akashic/playlog/-/playlog-2.0.0.tgz",
      "integrity": "sha512-VnQ9GMRCc8Z1A7Z5tQ3zdLalTjlSXhnvcSzxf/ZnWeMV6zHOLfAhKAoTMPC6oOzPxrjitbFuMm1qabn7afUwEw=="
    },
    "@akashic/trigger": {
      "version": "0.1.7",
      "resolved": "https://registry.npmjs.org/@akashic/trigger/-/trigger-0.1.7.tgz",
      "integrity": "sha512-vsJvI7tRVtziygGO398c5F+GcRa8+TNl/GvYFrjvAzw6w5yjNlx4ly0rT5hXWVhmQtezHxv7sH4FpuYU9/kT9Q=="
    },
    "box2dweb": {
      "version": "2.1.0-b",
      "resolved": "https://registry.npmjs.org/box2dweb/-/box2dweb-2.1.0-b.tgz",
      "integrity": "sha1-p7VpmieyEPXFR5FF360xMqb1R40="
    }
  }
}
